{
  "name": "paper_helper_sharedb_server",
  "version": "1.0.0",
  "lockfileVersion": 2,
  "requires": true,
  "packages": {
    "": {
      "name": "paper_helper_sharedb_server",
      "version": "1.0.0",
      "license": "MIT",
      "dependencies": {
        "ot-json1": "^1.0.2",
        "sharedb": "^3.0.0",
        "websocket-push-stream": "^0.1.1",
        "ws": "^8.8.0"
      }
    },
    "node_modules/arraydiff": {
      "version": "0.1.3",
      "resolved": "https://registry.npmjs.org/arraydiff/-/arraydiff-0.1.3.tgz",
      "integrity": "sha512-t0OgO06uolEcMUvV8+yHc9Pc9pazh8wi/Dtyok/sQwvcr8iFV+P86IfAzK7upUDhI4oavhVREMY7iSWtm38LeA=="
    },
    "node_modules/async": {
      "version": "2.6.4",
      "resolved": "https://registry.npmjs.org/async/-/async-2.6.4.tgz",
      "integrity": "sha512-mzo5dfJYwAn29PeiJ0zvwTo04zj8HDJj0Mn8TD7sno7q12prdbnasKJHhkm2c1LgrhlJ0teaea8860oxi51mGA==",
      "dependencies": {
        "lodash": "^4.17.14"
      }
    },
    "node_modules/fast-deep-equal": {
      "version": "2.0.1",
      "resolved": "https://registry.npmjs.org/fast-deep-equal/-/fast-deep-equal-2.0.1.tgz",
      "integrity": "sha512-bCK/2Z4zLidyB4ReuIsvALH6w31YfAQDmXMqMx6FyfHqvBxtjC0eRumeSu4Bs3XtXwpyIywtSTrVT99BxY1f9w=="
    },
    "node_modules/hat": {
      "version": "0.0.3",
      "resolved": "https://registry.npmjs.org/hat/-/hat-0.0.3.tgz",
      "integrity": "sha512-zpImx2GoKXy42fVDSEad2BPKuSQdLcqsCYa48K3zHSzM/ugWuYjLDr8IXxpVuL7uCLHw56eaiLxCRthhOzf5ug==",
      "engines": {
        "node": "*"
      }
    },
    "node_modules/lodash": {
      "version": "4.17.21",
      "resolved": "https://registry.npmjs.org/lodash/-/lodash-4.17.21.tgz",
      "integrity": "sha512-v2kDEe57lecTulaDIuNTPy3Ry4gLGJ6Z1O3vE1krgXZNrsQ+LFTGHVxVjcXPs17LhbZVGedAJv8XZ1tvj5FvSg=="
    },
    "node_modules/ot-json0": {
      "version": "1.1.0",
      "resolved": "https://registry.npmjs.org/ot-json0/-/ot-json0-1.1.0.tgz",
      "integrity": "sha512-wf5fci7GGpMYRDnbbdIFQymvhsbFACMHtxjivQo5KgvAHlxekyfJ9aPsRr6YfFQthQkk4bmsl5yESrZwC/oMYQ=="
    },
    "node_modules/ot-json1": {
      "version": "1.0.2",
      "resolved": "https://registry.npmjs.org/ot-json1/-/ot-json1-1.0.2.tgz",
      "integrity": "sha512-IhxkqVWQqlkWULoi/Q2AdzKk0N5vQRbUMUwubFXFCPcY4TsOZjmp2YKrk0/z1TeiECPadWEK060sdFdQ3Grokg==",
      "dependencies": {
        "ot-text-unicode": "4"
      }
    },
    "node_modules/ot-text-unicode": {
      "version": "4.0.0",
      "resolved": "https://registry.npmjs.org/ot-text-unicode/-/ot-text-unicode-4.0.0.tgz",
      "integrity": "sha512-W7ZLU8QXesY2wagYFv47zErXud3E93FGImmSGJsQnBzE+idcPPyo2u2KMilIrTwBh4pbCizy71qRjmmV6aDhcQ==",
      "dependencies": {
        "unicount": "1.1"
      }
    },
    "node_modules/sharedb": {
      "version": "3.0.0",
      "resolved": "https://registry.npmjs.org/sharedb/-/sharedb-3.0.0.tgz",
      "integrity": "sha512-shr/OionHtGfVs11+lucSWY1R242GOisKDXmxWQFOdom0rqkG8I0A832HKMNRG9figZlLdNSgDWpsJhNJ8euog==",
      "dependencies": {
        "arraydiff": "^0.1.1",
        "async": "^2.6.3",
        "fast-deep-equal": "^2.0.1",
        "hat": "0.0.3",
        "ot-json0": "^1.0.1"
      }
    },
    "node_modules/unicount": {
      "version": "1.1.0",
      "resolved": "https://registry.npmjs.org/unicount/-/unicount-1.1.0.tgz",
      "integrity": "sha512-RlwWt1ywVW4WErPGAVHw/rIuJ2+MxvTME0siJ6lk9zBhpDfExDbspe6SRlWT3qU6AucNjotPl9qAJRVjP7guCQ=="
    },
    "node_modules/websocket-push-stream": {
      "version": "0.1.1",
      "resolved": "https://registry.npmjs.org/websocket-push-stream/-/websocket-push-stream-0.1.1.tgz",
      "integrity": "sha512-xG+omU6m80UKeQjG+ok+3A9NHIZirtN2kaXjgeNWxWqqRauIMZaXfNfmEzoGJGsW9vnktNG2X1bW54MM/zHgNg=="
    },
    "node_modules/ws": {
      "version": "8.8.0",
      "resolved": "https://registry.npmjs.org/ws/-/ws-8.8.0.tgz",
      "integrity": "sha512-JDAgSYQ1ksuwqfChJusw1LSJ8BizJ2e/vVu5Lxjq3YvNJNlROv1ui4i+c/kUUrPheBvQl4c5UbERhTwKa6QBJQ==",
      "engines": {
        "node": ">=10.0.0"
      },
      "peerDependencies": {
        "bufferutil": "^4.0.1",
        "utf-8-validate": "^5.0.2"
      },
      "peerDependenciesMeta": {
        "bufferutil": {
          "optional": true
        },
        "utf-8-validate": {
          "optional": true
        }
      }
    }
  },
  "dependencies": {
    "arraydiff": {
      "version": "0.1.3",
      "resolved": "https://registry.npmjs.org/arraydiff/-/arraydiff-0.1.3.tgz",
      "integrity": "sha512-t0OgO06uolEcMUvV8+yHc9Pc9pazh8wi/Dtyok/sQwvcr8iFV+P86IfAzK7upUDhI4oavhVREMY7iSWtm38LeA=="
    },
    "async": {
      "version": "2.6.4",
      "resolved": "https://registry.npmjs.org/async/-/async-2.6.4.tgz",
      "integrity": "sha512-mzo5dfJYwAn29PeiJ0zvwTo04zj8HDJj0Mn8TD7sno7q12prdbnasKJHhkm2c1LgrhlJ0teaea8860oxi51mGA==",
      "requires": {
        "lodash": "^4.17.14"
      }
    },
    "fast-deep-equal": {
      "version": "2.0.1",
      "resolved": "https://registry.npmjs.org/fast-deep-equal/-/fast-deep-equal-2.0.1.tgz",
      "integrity": "sha512-bCK/2Z4zLidyB4ReuIsvALH6w31YfAQDmXMqMx6FyfHqvBxtjC0eRumeSu4Bs3XtXwpyIywtSTrVT99BxY1f9w=="
    },
    "hat": {
      "version": "0.0.3",
      "resolved": "https://registry.npmjs.org/hat/-/hat-0.0.3.tgz",
      "integrity": "sha512-zpImx2GoKXy42fVDSEad2BPKuSQdLcqsCYa48K3zHSzM/ugWuYjLDr8IXxpVuL7uCLHw56eaiLxCRthhOzf5ug=="
    },
    "lodash": {
      "version": "4.17.21",
      "resolved": "https://registry.npmjs.org/lodash/-/lodash-4.17.21.tgz",
      "integrity": "sha512-v2kDEe57lecTulaDIuNTPy3Ry4gLGJ6Z1O3vE1krgXZNrsQ+LFTGHVxVjcXPs17LhbZVGedAJv8XZ1tvj5FvSg=="
    },
    "ot-json0": {
      "version": "1.1.0",
      "resolved": "https://registry.npmjs.org/ot-json0/-/ot-json0-1.1.0.tgz",
      "integrity": "sha512-wf5fci7GGpMYRDnbbdIFQymvhsbFACMHtxjivQo5KgvAHlxekyfJ9aPsRr6YfFQthQkk4bmsl5yESrZwC/oMYQ=="
    },
    "ot-json1": {
      "version": "1.0.2",
      "resolved": "https://registry.npmjs.org/ot-json1/-/ot-json1-1.0.2.tgz",
      "integrity": "sha512-IhxkqVWQqlkWULoi/Q2AdzKk0N5vQRbUMUwubFXFCPcY4TsOZjmp2YKrk0/z1TeiECPadWEK060sdFdQ3Grokg==",
      "requires": {
        "ot-text-unicode": "4"
      }
    },
    "ot-text-unicode": {
      "version": "4.0.0",
      "resolved": "https://registry.npmjs.org/ot-text-unicode/-/ot-text-unicode-4.0.0.tgz",
      "integrity": "sha512-W7ZLU8QXesY2wagYFv47zErXud3E93FGImmSGJsQnBzE+idcPPyo2u2KMilIrTwBh4pbCizy71qRjmmV6aDhcQ==",
      "requires": {
        "unicount": "1.1"
      }
    },
    "sharedb": {
      "version": "3.0.0",
      "resolved": "https://registry.npmjs.org/sharedb/-/sharedb-3.0.0.tgz",
      "integrity": "sha512-shr/OionHtGfVs11+lucSWY1R242GOisKDXmxWQFOdom0rqkG8I0A832HKMNRG9figZlLdNSgDWpsJhNJ8euog==",
      "requires": {
        "arraydiff": "^0.1.1",
        "async": "^2.6.3",
        "fast-deep-equal": "^2.0.1",
        "hat": "0.0.3",
        "ot-json0": "^1.0.1"
      }
    },
    "unicount": {
      "version": "1.1.0",
      "resolved": "https://registry.npmjs.org/unicount/-/unicount-1.1.0.tgz",
      "integrity": "sha512-RlwWt1ywVW4WErPGAVHw/rIuJ2+MxvTME0siJ6lk9zBhpDfExDbspe6SRlWT3qU6AucNjotPl9qAJRVjP7guCQ=="
    },
    "websocket-push-stream": {
      "version": "0.1.1",
      "resolved": "https://registry.npmjs.org/websocket-push-stream/-/websocket-push-stream-0.1.1.tgz",
      "integrity": "sha512-xG+omU6m80UKeQjG+ok+3A9NHIZirtN2kaXjgeNWxWqqRauIMZaXfNfmEzoGJGsW9vnktNG2X1bW54MM/zHgNg=="
    },
    "ws": {
      "version": "8.8.0",
      "resolved": "https://registry.npmjs.org/ws/-/ws-8.8.0.tgz",
      "integrity": "sha512-JDAgSYQ1ksuwqfChJusw1LSJ8BizJ2e/vVu5Lxjq3YvNJNlROv1ui4i+c/kUUrPheBvQl4c5UbERhTwKa6QBJQ==",
      "requires": {}
    }
  }
}
